// !$*UTF8*$!
{
	archiveVersion = 1;
	classes = {
	};
	objectVersion = 50;
	objects = {

/* Begin PBXBuildFile section */
		0B39C2852404E9B500B46B28 /* GoogleService-Info.plist in Resources */ = {isa = PBXBuildFile; fileRef = 0B39C2842404E9B400B46B28 /* GoogleService-Info.plist */; };
		0BE4BD9B2404E26D0057BE87 /* AppDelegate.swift in Sources */ = {isa = PBXBuildFile; fileRef = 0BE4BD9A2404E26D0057BE87 /* AppDelegate.swift */; };
		0BE4BD9D2404E26E0057BE87 /* SceneDelegate.swift in Sources */ = {isa = PBXBuildFile; fileRef = 0BE4BD9C2404E26E0057BE87 /* SceneDelegate.swift */; };
		0BE4BD9F2404E26E0057BE87 /* ContentView.swift in Sources */ = {isa = PBXBuildFile; fileRef = 0BE4BD9E2404E26E0057BE87 /* ContentView.swift */; };
		0BE4BDA12404E2740057BE87 /* Assets.xcassets in Resources */ = {isa = PBXBuildFile; fileRef = 0BE4BDA02404E2740057BE87 /* Assets.xcassets */; };
		0BE4BDA42404E2740057BE87 /* Preview Assets.xcassets in Resources */ = {isa = PBXBuildFile; fileRef = 0BE4BDA32404E2740057BE87 /* Preview Assets.xcassets */; };
		0BE4BDA72404E2740057BE87 /* LaunchScreen.storyboard in Resources */ = {isa = PBXBuildFile; fileRef = 0BE4BDA52404E2740057BE87 /* LaunchScreen.storyboard */; };
		5944B819905829CBC04B9902 /* Pods_OTP.framework in Frameworks */ = {isa = PBXBuildFile; fileRef = 7E63F9D57FDB619158F683DD /* Pods_OTP.framework */; };
/* End PBXBuildFile section */

/* Begin PBXFileReference section */
		0B39C2842404E9B400B46B28 /* GoogleService-Info.plist */ = {isa = PBXFileReference; fileEncoding = 4; lastKnownFileType = text.plist.xml; path = "GoogleService-Info.plist"; sourceTree = "<group>"; };
		0BE4BD972404E26D0057BE87 /* OTP.app */ = {isa = PBXFileReference; explicitFileType = wrapper.application; includeInIndex = 0; path = OTP.app; sourceTree = BUILT_PRODUCTS_DIR; };
		0BE4BD9A2404E26D0057BE87 /* AppDelegate.swift */ = {isa = PBXFileReference; lastKnownFileType = sourcecode.swift; path = AppDelegate.swift; sourceTree = "<group>"; };
		0BE4BD9C2404E26E0057BE87 /* SceneDelegate.swift */ = {isa = PBXFileReference; lastKnownFileType = sourcecode.swift; path = SceneDelegate.swift; sourceTree = "<group>"; };
		0BE4BD9E2404E26E0057BE87 /* ContentView.swift */ = {isa = PBXFileReference; lastKnownFileType = sourcecode.swift; path = ContentView.swift; sourceTree = "<group>"; };
		0BE4BDA02404E2740057BE87 /* Assets.xcassets */ = {isa = PBXFileReference; lastKnownFileType = folder.assetcatalog; path = Assets.xcassets; sourceTree = "<group>"; };
		0BE4BDA32404E2740057BE87 /* Preview Assets.xcassets */ = {isa = PBXFileReference; lastKnownFileType = folder.assetcatalog; path = "Preview Assets.xcassets"; sourceTree = "<group>"; };
		0BE4BDA62404E2740057BE87 /* Base */ = {isa = PBXFileReference; lastKnownFileType = file.storyboard; name = Base; path = Base.lproj/LaunchScreen.storyboard; sourceTree = "<group>"; };
		0BE4BDA82404E2740057BE87 /* Info.plist */ = {isa = PBXFileReference; lastKnownFileType = text.plist.xml; path = Info.plist; sourceTree = "<group>"; };
		7E63F9D57FDB619158F683DD /* Pods_OTP.framework */ = {isa = PBXFileReference; explicitFileType = wrapper.framework; includeInIndex = 0; path = Pods_OTP.framework; sourceTree = BUILT_PRODUCTS_DIR; };
		A861374198D2373610C00929 /* Pods-OTP.release.xcconfig */ = {isa = PBXFileReference; includeInIndex = 1; lastKnownFileType = text.xcconfig; name = "Pods-OTP.release.xcconfig"; path = "Target Support Files/Pods-OTP/Pods-OTP.release.xcconfig"; sourceTree = "<group>"; };
		DEFFAEF5F97C6FC479A65474 /* Pods-OTP.debug.xcconfig */ = {isa = PBXFileReference; includeInIndex = 1; lastKnownFileType = text.xcconfig; name = "Pods-OTP.debug.xcconfig"; path = "Target Support Files/Pods-OTP/Pods-OTP.debug.xcconfig"; sourceTree = "<group>"; };
/* End PBXFileReference section */

/* Begin PBXFrameworksBuildPhase section */
		0BE4BD942404E26D0057BE87 /* Frameworks */ = {
			isa = PBXFrameworksBuildPhase;
			buildActionMask = 2147483647;
			files = (
				5944B819905829CBC04B9902 /* Pods_OTP.framework in Frameworks */,
			);
			runOnlyForDeploymentPostprocessing = 0;
		};
/* End PBXFrameworksBuildPhase section */

/* Begin PBXGroup section */
		0BE4BD8E2404E26D0057BE87 = {
			isa = PBXGroup;
			children = (
				0BE4BD992404E26D0057BE87 /* OTP */,
				0BE4BD982404E26D0057BE87 /* Products */,
				2F7A84B84C3E5125B6B1DE1A /* Pods */,
				4332D336100CCFD318C2BED2 /* Frameworks */,
			);
			sourceTree = "<group>";
		};
		0BE4BD982404E26D0057BE87 /* Products */ = {
			isa = PBXGroup;
			children = (
				0BE4BD972404E26D0057BE87 /* OTP.app */,
			);
			name = Products;
			sourceTree = "<group>";
		};
		0BE4BD992404E26D0057BE87 /* OTP */ = {
			isa = PBXGroup;
			children = (
				0BE4BD9A2404E26D0057BE87 /* AppDelegate.swift */,
				0BE4BD9C2404E26E0057BE87 /* SceneDelegate.swift */,
				0BE4BD9E2404E26E0057BE87 /* ContentView.swift */,
				0BE4BDA02404E2740057BE87 /* Assets.xcassets */,
				0BE4BDA52404E2740057BE87 /* LaunchScreen.storyboard */,
				0BE4BDA82404E2740057BE87 /* Info.plist */,
				0B39C2842404E9B400B46B28 /* GoogleService-Info.plist */,
				0BE4BDA22404E2740057BE87 /* Preview Content */,
			);
			path = OTP;
			sourceTree = "<group>";
		};
		0BE4BDA22404E2740057BE87 /* Preview Content */ = {
			isa = PBXGroup;
			children = (
				0BE4BDA32404E2740057BE87 /* Preview Assets.xcassets */,
			);
			path = "Preview Content";
			sourceTree = "<group>";
		};
		2F7A84B84C3E5125B6B1DE1A /* Pods */ = {
			isa = PBXGroup;
			children = (
				DEFFAEF5F97C6FC479A65474 /* Pods-OTP.debug.xcconfig */,
				A861374198D2373610C00929 /* Pods-OTP.release.xcconfig */,
			);
			name = Pods;
			path = Pods;
			sourceTree = "<group>";
		};
		4332D336100CCFD318C2BED2 /* Frameworks */ = {
			isa = PBXGroup;
			children = (
				7E63F9D57FDB619158F683DD /* Pods_OTP.framework */,
			);
			name = Frameworks;
			sourceTree = "<group>";
		};
/* End PBXGroup section */

/* Begin PBXNativeTarget section */
		0BE4BD962404E26D0057BE87 /* OTP */ = {
			isa = PBXNativeTarget;
			buildConfigurationList = 0BE4BDAB2404E2740057BE87 /* Build configuration list for PBXNativeTarget "OTP" */;
			buildPhases = (
				D6D22423D9226878F4F2CD30 /* [CP] Check Pods Manifest.lock */,
				0BE4BD932404E26D0057BE87 /* Sources */,
				0BE4BD942404E26D0057BE87 /* Frameworks */,
				0BE4BD952404E26D0057BE87 /* Resources */,
				6C3F6244237199C28B15F721 /* [CP] Embed Pods Frameworks */,
			);
			buildRules = (
			);
			dependencies = (
			);
			name = OTP;
			productName = OTP;
			productReference = 0BE4BD972404E26D0057BE87 /* OTP.app */;
			productType = "com.apple.product-type.application";
		};
/* End PBXNativeTarget section */

/* Begin PBXProject section */
		0BE4BD8F2404E26D0057BE87 /* Project object */ = {
			isa = PBXProject;
			attributes = {
				LastSwiftUpdateCheck = 1110;
				LastUpgradeCheck = 1110;
				ORGANIZATIONNAME = "Md Sifat";
				TargetAttributes = {
					0BE4BD962404E26D0057BE87 = {
						CreatedOnToolsVersion = 11.1;
					};
				};
			};
			buildConfigurationList = 0BE4BD922404E26D0057BE87 /* Build configuration list for PBXProject "OTP" */;
			compatibilityVersion = "Xcode 9.3";
			developmentRegion = en;
			hasScannedForEncodings = 0;
			knownRegions = (
				en,
				Base,
			);
			mainGroup = 0BE4BD8E2404E26D0057BE87;
			productRefGroup = 0BE4BD982404E26D0057BE87 /* Products */;
			projectDirPath = "";
			projectRoot = "";
			targets = (
				0BE4BD962404E26D0057BE87 /* OTP */,
			);
		};
/* End PBXProject section */

/* Begin PBXResourcesBuildPhase section */
		0BE4BD952404E26D0057BE87 /* Resources */ = {
			isa = PBXResourcesBuildPhase;
			buildActionMask = 2147483647;
			files = (
				0BE4BDA72404E2740057BE87 /* LaunchScreen.storyboard in Resources */,
				0B39C2852404E9B500B46B28 /* GoogleService-Info.plist in Resources */,
				0BE4BDA42404E2740057BE87 /* Preview Assets.xcassets in Resources */,
				0BE4BDA12404E2740057BE87 /* Assets.xcassets in Resources */,
			);
			runOnlyForDeploymentPostprocessing = 0;
		};
/* End PBXResourcesBuildPhase section */

/* Begin PBXShellScriptBuildPhase section */
		6C3F6244237199C28B15F721 /* [CP] Embed Pods Frameworks */ = {
			isa = PBXShellScriptBuildPhase;
			buildActionMask = 2147483647;
			files = (
			);
			inputFileListPaths = (
				"${PODS_ROOT}/Target Support Files/Pods-OTP/Pods-OTP-frameworks-${CONFIGURATION}-input-files.xcfilelist",
			);
			name = "[CP] Embed Pods Frameworks";
			outputFileListPaths = (
				"${PODS_ROOT}/Target Support Files/Pods-OTP/Pods-OTP-frameworks-${CONFIGURATION}-output-files.xcfilelist",
			);
			runOnlyForDeploymentPostprocessing = 0;
			shellPath = /bin/sh;
			shellScript = "\"${PODS_ROOT}/Target Support Files/Pods-OTP/Pods-OTP-frameworks.sh\"\n";
			showEnvVarsInLog = 0;
		};
		D6D22423D9226878F4F2CD30 /* [CP] Check Pods Manifest.lock */ = {
			isa = PBXShellScriptBuildPhase;
			buildActionMask = 2147483647;
			files = (
			);
			inputFileListPaths = (
			);
			inputPaths = (
				"${PODS_PODFILE_DIR_PATH}/Podfile.lock",
				"${PODS_ROOT}/Manifest.lock",
			);
			name = "[CP] Check Pods Manifest.lock";
			outputFileListPaths = (
			);
			outputPaths = (
				"$(DERIVED_FILE_DIR)/Pods-OTP-checkManifestLockResult.txt",
			);
			runOnlyForDeploymentPostprocessing = 0;
			shellPath = /bin/sh;
			shellScript = "diff \"${PODS_PODFILE_DIR_PATH}/Podfile.lock\" \"${PODS_ROOT}/Manifest.lock\" > /dev/null\nif [ $? != 0 ] ; then\n    # print error to STDERR\n    echo \"error: The sandbox is not in sync with the Podfile.lock. Run 'pod install' or update your CocoaPods installation.\" >&2\n    exit 1\nfi\n# This output is used by Xcode 'outputs' to avoid re-running this script phase.\necho \"SUCCESS\" > \"${SCRIPT_OUTPUT_FILE_0}\"\n";
			showEnvVarsInLog = 0;
		};
/* End PBXShellScriptBuildPhase section */

/* Begin PBXSourcesBuildPhase section */
		0BE4BD932404E26D0057BE87 /* Sources */ = {
			isa = PBXSourcesBuildPhase;
			buildActionMask = 2147483647;
			files = (
				0BE4BD9B2404E26D0057BE87 /* AppDelegate.swift in Sources */,
				0BE4BD9D2404E26E0057BE87 /* SceneDelegate.swift in Sources */,
				0BE4BD9F2404E26E0057BE87 /* ContentView.swift in Sources */,
			);
			runOnlyForDeploymentPostprocessing = 0;
		};
/* End PBXSourcesBuildPhase section */

/* Begin PBXVariantGroup section */
		0BE4BDA52404E2740057BE87 /* LaunchScreen.storyboard */ = {
			isa = PBXVariantGroup;
			children = (
				0BE4BDA62404E2740057BE87 /* Base */,
			);
			name = LaunchScreen.storyboard;
			sourceTree = "<group>";
		};
/* End PBXVariantGroup section */

/* Begin XCBuildConfiguration section */
		0BE4BDA92404E2740057BE87 /* Debug */ = {
			isa = XCBuildConfiguration;
			buildSettings = {
				ALWAYS_SEARCH_USER_PATHS = NO;
				CLANG_ANALYZER_NONNULL = YES;
				CLANG_ANALYZER_NUMBER_OBJECT_CONVERSION = YES_AGGRESSIVE;
				CLANG_CXX_LANGUAGE_STANDARD = "gnu++14";
				CLANG_CXX_LIBRARY = "libc++";
				CLANG_ENABLE_MODULES = YES;
				CLANG_ENABLE_OBJC_ARC = YES;
				CLANG_ENABLE_OBJC_WEAK = YES;
				CLANG_WARN_BLOCK_CAPTURE_AUTORELEASING = YES;
				CLANG_WARN_BOOL_CONVERSION = YES;
				CLANG_WARN_COMMA = YES;
				CLANG_WARN_CONSTANT_CONVERSION = YES;
				CLANG_WARN_DEPRECATED_OBJC_IMPLEMENTATIONS = YES;
				CLANG_WARN_DIRECT_OBJC_ISA_USAGE = YES_ERROR;
				CLANG_WARN_DOCUMENTATION_COMMENTS = YES;
				CLANG_WARN_EMPTY_BODY = YES;
				CLANG_WARN_ENUM_CONVERSION = YES;
				CLANG_WARN_INFINITE_RECURSION = YES;
				CLANG_WARN_INT_CONVERSION = YES;
				CLANG_WARN_NON_LITERAL_NULL_CONVERSION = YES;
				CLANG_WARN_OBJC_IMPLICIT_RETAIN_SELF = YES;
				CLANG_WARN_OBJC_LITERAL_CONVERSION = YES;
				CLANG_WARN_OBJC_ROOT_CLASS = YES_ERROR;
				CLANG_WARN_RANGE_LOOP_ANALYSIS = YES;
				CLANG_WARN_STRICT_PROTOTYPES = YES;
				CLANG_WARN_SUSPICIOUS_MOVE = YES;
				CLANG_WARN_UNGUARDED_AVAILABILITY = YES_AGGRESSIVE;
				CLANG_WARN_UNREACHABLE_CODE = YES;
				CLANG_WARN__DUPLICATE_METHOD_MATCH = YES;
				COPY_PHASE_STRIP = NO;
				DEBUG_INFORMATION_FORMAT = dwarf;
				ENABLE_STRICT_OBJC_MSGSEND = YES;
				ENABLE_TESTABILITY = YES;
				GCC_C_LANGUAGE_STANDARD = gnu11;
				GCC_DYNAMIC_NO_PIC = NO;
				GCC_NO_COMMON_BLOCKS = YES;
				GCC_OPTIMIZATION_LEVEL = 0;
				GCC_PREPROCESSOR_DEFINITIONS = (
					"DEBUG=1",
					"$(inherited)",
				);
				GCC_WARN_64_TO_32_BIT_CONVERSION = YES;
				GCC_WARN_ABOUT_RETURN_TYPE = YES_ERROR;
				GCC_WARN_UNDECLARED_SELECTOR = YES;
				GCC_WARN_UNINITIALIZED_AUTOS = YES_AGGRESSIVE;
				GCC_WARN_UNUSED_FUNCTION = YES;
				GCC_WARN_UNUSED_VARIABLE = YES;
				IPHONEOS_DEPLOYMENT_TARGET = 13.1;
				MTL_ENABLE_DEBUG_INFO = INCLUDE_SOURCE;
				MTL_FAST_MATH = YES;
				ONLY_ACTIVE_ARCH = YES;
				SDKROOT = iphoneos;
				SWIFT_ACTIVE_COMPILATION_CONDITIONS = DEBUG;
				SWIFT_OPTIMIZATION_LEVEL = "-Onone";
			};
			name = Debug;
		};
		0BE4BDAA2404E2740057BE87 /* Release */ = {
			isa = XCBuildConfiguration;
			buildSettings = {
				ALWAYS_SEARCH_USER_PATHS = NO;
				CLANG_ANALYZER_NONNULL = YES;
				CLANG_ANALYZER_NUMBER_OBJECT_CONVERSION = YES_AGGRESSIVE;
				CLANG_CXX_LANGUAGE_STANDARD = "gnu++14";
				CLANG_CXX_LIBRARY = "libc++";
				CLANG_ENABLE_MODULES = YES;
				CLANG_ENABLE_OBJC_ARC = YES;
				CLANG_ENABLE_OBJC_WEAK = YES;
				CLANG_WARN_BLOCK_CAPTURE_AUTORELEASING = YES;
				CLANG_WARN_BOOL_CONVERSION = YES;
				CLANG_WARN_COMMA = YES;
				CLANG_WARN_CONSTANT_CONVERSION = YES;
				CLANG_WARN_DEPRECATED_OBJC_IMPLEMENTATIONS = YES;
				CLANG_WARN_DIRECT_OBJC_ISA_USAGE = YES_ERROR;
				CLANG_WARN_DOCUMENTATION_COMMENTS = YES;
				CLANG_WARN_EMPTY_BODY = YES;
				CLANG_WARN_ENUM_CONVERSION = YES;
				CLANG_WARN_INFINITE_RECURSION = YES;
				CLANG_WARN_INT_CONVERSION = YES;
				CLANG_WARN_NON_LITERAL_NULL_CONVERSION = YES;
				CLANG_WARN_OBJC_IMPLICIT_RETAIN_SELF = YES;
				CLANG_WARN_OBJC_LITERAL_CONVERSION = YES;
				CLANG_WARN_OBJC_ROOT_CLASS = YES_ERROR;
				CLANG_WARN_RANGE_LOOP_ANALYSIS = YES;
				CLANG_WARN_STRICT_PROTOTYPES = YES;
				CLANG_WARN_SUSPICIOUS_MOVE = YES;
				CLANG_WARN_UNGUARDED_AVAILABILITY = YES_AGGRESSIVE;
				CLANG_WARN_UNREACHABLE_CODE = YES;
				CLANG_WARN__DUPLICATE_METHOD_MATCH = YES;
				COPY_PHASE_STRIP = NO;
				DEBUG_INFORMATION_FORMAT = "dwarf-with-dsym";
				ENABLE_NS_ASSERTIONS = NO;
				ENABLE_STRICT_OBJC_MSGSEND = YES;
				GCC_C_LANGUAGE_STANDARD = gnu11;
				GCC_NO_COMMON_BLOCKS = YES;
				GCC_WARN_64_TO_32_BIT_CONVERSION = YES;
				GCC_WARN_ABOUT_RETURN_TYPE = YES_ERROR;
				GCC_WARN_UNDECLARED_SELECTOR = YES;
				GCC_WARN_UNINITIALIZED_AUTOS = YES_AGGRESSIVE;
				GCC_WARN_UNUSED_FUNCTION = YES;
				GCC_WARN_UNUSED_VARIABLE = YES;
				IPHONEOS_DEPLOYMENT_TARGET = 13.1;
				MTL_ENABLE_DEBUG_INFO = NO;
				MTL_FAST_MATH = YES;
				SDKROOT = iphoneos;
				SWIFT_COMPILATION_MODE = wholemodule;
				SWIFT_OPTIMIZATION_LEVEL = "-O";
				VALIDATE_PRODUCT = YES;
			};
			name = Release;
		};
		0BE4BDAC2404E2740057BE87 /* Debug */ = {
			isa = XCBuildConfiguration;
			baseConfigurationReference = DEFFAEF5F97C6FC479A65474 /* Pods-OTP.debug.xcconfig */;
			buildSettings = {
				ASSETCATALOG_COMPILER_APPICON_NAME = AppIcon;
				CODE_SIGN_STYLE = Automatic;
				DEVELOPMENT_ASSET_PATHS = "\"OTP/Preview Content\"";
				ENABLE_PREVIEWS = YES;
				INFOPLIST_FILE = OTP/Info.plist;
				LD_RUNPATH_SEARCH_PATHS = (
					"$(inherited)",
					"@executable_path/Frameworks",
				);
				PRODUCT_BUNDLE_IDENTIFIER = com.csesifat.OTP;
				PRODUCT_NAME = "$(TARGET_NAME)";
				SWIFT_VERSION = 5.0;
				TARGETED_DEVICE_FAMILY = "1,2";
			};
			name = Debug;
		};
		0BE4BDAD2404E2740057BE87 /* Release */ = {
			isa = XCBuildConfiguration;
			baseConfigurationReference = A861374198D2373610C00929 /* Pods-OTP.release.xcconfig */;
			buildSettings = {
				ASSETCATALOG_COMPILER_APPICON_NAME = AppIcon;
				CODE_SIGN_STYLE = Automatic;
				DEVELOPMENT_ASSET_PATHS = "\"OTP/Preview Content\"";
				ENABLE_PREVIEWS = YES;
				INFOPLIST_FILE = OTP/Info.plist;
				LD_RUNPATH_SEARCH_PATHS = (
					"$(inherited)",
					"@executable_path/Frameworks",
				);
				PRODUCT_BUNDLE_IDENTIFIER = com.csesifat.OTP;
				PRODUCT_NAME = "$(TARGET_NAME)";
				SWIFT_VERSION = 5.0;
				TARGETED_DEVICE_FAMILY = "1,2";
			};
			name = Release;
		};
/* End XCBuildConfiguration section */

/* Begin XCConfigurationList section */
		0BE4BD922404E26D0057BE87 /* Build configuration list for PBXProject "OTP" */ = {
			isa = XCConfigurationList;
			buildConfigurations = (
				0BE4BDA92404E2740057BE87 /* Debug */,
				0BE4BDAA2404E2740057BE87 /* Release */,
			);
			defaultConfigurationIsVisible = 0;
			defaultConfigurationName = Release;
		};
		0BE4BDAB2404E2740057BE87 /* Build configuration list for PBXNativeTarget "OTP" */ = {
			isa = XCConfigurationList;
			buildConfigurations = (
				0BE4BDAC2404E2740057BE87 /* Debug */,
				0BE4BDAD2404E2740057BE87 /* Release */,
			);
			defaultConfigurationIsVisible = 0;
			defaultConfigurationName = Release;
		};
/* End XCConfigurationList section */
	};
	rootObject = 0BE4BD8F2404E26D0057BE87 /* Project object */;
}
